// !$*UTF8*$!
{
	archiveVersion = 1;
	classes = {
	};
	objectVersion = 56;
	objects = {

/* Begin PBXBuildFile section */
		D86A8E90296893E000BBD834 /* FriendsApp.swift in Sources */ = {isa = PBXBuildFile; fileRef = D86A8E8F296893E000BBD834 /* FriendsApp.swift */; };
		D86A8E92296893E000BBD834 /* ContentView.swift in Sources */ = {isa = PBXBuildFile; fileRef = D86A8E91296893E000BBD834 /* ContentView.swift */; };
		D86A8E94296893E100BBD834 /* Assets.xcassets in Resources */ = {isa = PBXBuildFile; fileRef = D86A8E93296893E100BBD834 /* Assets.xcassets */; };
		D86A8E97296893E100BBD834 /* Preview Assets.xcassets in Resources */ = {isa = PBXBuildFile; fileRef = D86A8E96296893E100BBD834 /* Preview Assets.xcassets */; };
		D8BFE6292968AD53006A9A36 /* EventTap.swift in Sources */ = {isa = PBXBuildFile; fileRef = D8BFE6282968AD53006A9A36 /* EventTap.swift */; };
		D8BFE62B2968B8FD006A9A36 /* DesktopScene.swift in Sources */ = {isa = PBXBuildFile; fileRef = D8BFE62A2968B8FD006A9A36 /* DesktopScene.swift */; };
		D8BFE62D2968B9CE006A9A36 /* ApplicationModel.swift in Sources */ = {isa = PBXBuildFile; fileRef = D8BFE62C2968B9CE006A9A36 /* ApplicationModel.swift */; };
		D8BFE6302968BA3D006A9A36 /* CGEventMask.swift in Sources */ = {isa = PBXBuildFile; fileRef = D8BFE62F2968BA3D006A9A36 /* CGEventMask.swift */; };
		D8BFE6332968BAB7006A9A36 /* DesktopView.swift in Sources */ = {isa = PBXBuildFile; fileRef = D8BFE6322968BAB7006A9A36 /* DesktopView.swift */; };
		D8BFE637296968B2006A9A36 /* CGRect.swift in Sources */ = {isa = PBXBuildFile; fileRef = D8BFE636296968B2006A9A36 /* CGRect.swift */; };
/* End PBXBuildFile section */

/* Begin PBXFileReference section */
		D86A8E8C296893E000BBD834 /* Friends.app */ = {isa = PBXFileReference; explicitFileType = wrapper.application; includeInIndex = 0; path = Friends.app; sourceTree = BUILT_PRODUCTS_DIR; };
		D86A8E8F296893E000BBD834 /* FriendsApp.swift */ = {isa = PBXFileReference; lastKnownFileType = sourcecode.swift; path = FriendsApp.swift; sourceTree = "<group>"; };
		D86A8E91296893E000BBD834 /* ContentView.swift */ = {isa = PBXFileReference; lastKnownFileType = sourcecode.swift; path = ContentView.swift; sourceTree = "<group>"; };
		D86A8E93296893E100BBD834 /* Assets.xcassets */ = {isa = PBXFileReference; lastKnownFileType = folder.assetcatalog; path = Assets.xcassets; sourceTree = "<group>"; };
		D86A8E96296893E100BBD834 /* Preview Assets.xcassets */ = {isa = PBXFileReference; lastKnownFileType = folder.assetcatalog; path = "Preview Assets.xcassets"; sourceTree = "<group>"; };
		D86A8E98296893E100BBD834 /* Friends.entitlements */ = {isa = PBXFileReference; lastKnownFileType = text.plist.entitlements; path = Friends.entitlements; sourceTree = "<group>"; };
		D8BFE6282968AD53006A9A36 /* EventTap.swift */ = {isa = PBXFileReference; lastKnownFileType = sourcecode.swift; path = EventTap.swift; sourceTree = "<group>"; };
		D8BFE62A2968B8FD006A9A36 /* DesktopScene.swift */ = {isa = PBXFileReference; lastKnownFileType = sourcecode.swift; path = DesktopScene.swift; sourceTree = "<group>"; };
		D8BFE62C2968B9CE006A9A36 /* ApplicationModel.swift */ = {isa = PBXFileReference; lastKnownFileType = sourcecode.swift; path = ApplicationModel.swift; sourceTree = "<group>"; };
		D8BFE62F2968BA3D006A9A36 /* CGEventMask.swift */ = {isa = PBXFileReference; lastKnownFileType = sourcecode.swift; path = CGEventMask.swift; sourceTree = "<group>"; };
		D8BFE6322968BAB7006A9A36 /* DesktopView.swift */ = {isa = PBXFileReference; lastKnownFileType = sourcecode.swift; path = DesktopView.swift; sourceTree = "<group>"; };
		D8BFE636296968B2006A9A36 /* CGRect.swift */ = {isa = PBXFileReference; lastKnownFileType = sourcecode.swift; path = CGRect.swift; sourceTree = "<group>"; };
/* End PBXFileReference section */

/* Begin PBXFrameworksBuildPhase section */
		D86A8E89296893E000BBD834 /* Frameworks */ = {
			isa = PBXFrameworksBuildPhase;
			buildActionMask = 2147483647;
			files = (
			);
			runOnlyForDeploymentPostprocessing = 0;
		};
/* End PBXFrameworksBuildPhase section */

/* Begin PBXGroup section */
		D86A8E83296893E000BBD834 = {
			isa = PBXGroup;
			children = (
				D86A8E8E296893E000BBD834 /* Friends */,
				D86A8E8D296893E000BBD834 /* Products */,
			);
			sourceTree = "<group>";
		};
		D86A8E8D296893E000BBD834 /* Products */ = {
			isa = PBXGroup;
			children = (
				D86A8E8C296893E000BBD834 /* Friends.app */,
			);
			name = Products;
			sourceTree = "<group>";
		};
		D86A8E8E296893E000BBD834 /* Friends */ = {
			isa = PBXGroup;
			children = (
				D86A8E98296893E100BBD834 /* Friends.entitlements */,
				D86A8E8F296893E000BBD834 /* FriendsApp.swift */,
				D86A8E93296893E100BBD834 /* Assets.xcassets */,
				D8BFE62E2968BA2D006A9A36 /* Extensions */,
				D8BFE6342968BBDC006A9A36 /* Model */,
				D86A8E95296893E100BBD834 /* Preview Content */,
				D8BFE6352968BC01006A9A36 /* Utilities */,
				D8BFE6312968BA80006A9A36 /* Views */,
			);
			path = Friends;
			sourceTree = "<group>";
		};
		D86A8E95296893E100BBD834 /* Preview Content */ = {
			isa = PBXGroup;
			children = (
				D86A8E96296893E100BBD834 /* Preview Assets.xcassets */,
			);
			path = "Preview Content";
			sourceTree = "<group>";
		};
		D8BFE62E2968BA2D006A9A36 /* Extensions */ = {
			isa = PBXGroup;
			children = (
				D8BFE62F2968BA3D006A9A36 /* CGEventMask.swift */,
				D8BFE636296968B2006A9A36 /* CGRect.swift */,
			);
			path = Extensions;
			sourceTree = "<group>";
		};
		D8BFE6312968BA80006A9A36 /* Views */ = {
			isa = PBXGroup;
			children = (
				D86A8E91296893E000BBD834 /* ContentView.swift */,
				D8BFE62A2968B8FD006A9A36 /* DesktopScene.swift */,
				D8BFE6322968BAB7006A9A36 /* DesktopView.swift */,
			);
			path = Views;
			sourceTree = "<group>";
		};
		D8BFE6342968BBDC006A9A36 /* Model */ = {
			isa = PBXGroup;
			children = (
				D8BFE62C2968B9CE006A9A36 /* ApplicationModel.swift */,
			);
			path = Model;
			sourceTree = "<group>";
		};
		D8BFE6352968BC01006A9A36 /* Utilities */ = {
			isa = PBXGroup;
			children = (
				D8BFE6282968AD53006A9A36 /* EventTap.swift */,
			);
			path = Utilities;
			sourceTree = "<group>";
		};
/* End PBXGroup section */

/* Begin PBXNativeTarget section */
		D86A8E8B296893E000BBD834 /* Friends */ = {
			isa = PBXNativeTarget;
			buildConfigurationList = D86A8E9B296893E100BBD834 /* Build configuration list for PBXNativeTarget "Friends" */;
			buildPhases = (
				D86A8E88296893E000BBD834 /* Sources */,
				D86A8E89296893E000BBD834 /* Frameworks */,
				D86A8E8A296893E000BBD834 /* Resources */,
			);
			buildRules = (
			);
			dependencies = (
			);
			name = Friends;
			productName = Friends;
			productReference = D86A8E8C296893E000BBD834 /* Friends.app */;
			productType = "com.apple.product-type.application";
		};
/* End PBXNativeTarget section */

/* Begin PBXProject section */
		D86A8E84296893E000BBD834 /* Project object */ = {
			isa = PBXProject;
			attributes = {
				BuildIndependentTargetsInParallel = 1;
				LastSwiftUpdateCheck = 1420;
				LastUpgradeCheck = 1420;
				TargetAttributes = {
					D86A8E8B296893E000BBD834 = {
						CreatedOnToolsVersion = 14.2;
					};
				};
			};
			buildConfigurationList = D86A8E87296893E000BBD834 /* Build configuration list for PBXProject "Friends" */;
			compatibilityVersion = "Xcode 14.0";
			developmentRegion = en;
			hasScannedForEncodings = 0;
			knownRegions = (
				en,
				Base,
			);
			mainGroup = D86A8E83296893E000BBD834;
			productRefGroup = D86A8E8D296893E000BBD834 /* Products */;
			projectDirPath = "";
			projectRoot = "";
			targets = (
				D86A8E8B296893E000BBD834 /* Friends */,
			);
		};
/* End PBXProject section */

/* Begin PBXResourcesBuildPhase section */
		D86A8E8A296893E000BBD834 /* Resources */ = {
			isa = PBXResourcesBuildPhase;
			buildActionMask = 2147483647;
			files = (
				D86A8E97296893E100BBD834 /* Preview Assets.xcassets in Resources */,
				D86A8E94296893E100BBD834 /* Assets.xcassets in Resources */,
			);
			runOnlyForDeploymentPostprocessing = 0;
		};
/* End PBXResourcesBuildPhase section */

/* Begin PBXSourcesBuildPhase section */
		D86A8E88296893E000BBD834 /* Sources */ = {
			isa = PBXSourcesBuildPhase;
			buildActionMask = 2147483647;
			files = (
				D86A8E92296893E000BBD834 /* ContentView.swift in Sources */,
				D8BFE62B2968B8FD006A9A36 /* DesktopScene.swift in Sources */,
				D8BFE62D2968B9CE006A9A36 /* ApplicationModel.swift in Sources */,
				D86A8E90296893E000BBD834 /* FriendsApp.swift in Sources */,
				D8BFE6302968BA3D006A9A36 /* CGEventMask.swift in Sources */,
				D8BFE6332968BAB7006A9A36 /* DesktopView.swift in Sources */,
				D8BFE6292968AD53006A9A36 /* EventTap.swift in Sources */,
				D8BFE637296968B2006A9A36 /* CGRect.swift in Sources */,
			);
			runOnlyForDeploymentPostprocessing = 0;
		};
/* End PBXSourcesBuildPhase section */

/* Begin XCBuildConfiguration section */
		D86A8E99296893E100BBD834 /* Debug */ = {
			isa = XCBuildConfiguration;
			buildSettings = {
				ALWAYS_SEARCH_USER_PATHS = NO;
				CLANG_ANALYZER_NONNULL = YES;
				CLANG_ANALYZER_NUMBER_OBJECT_CONVERSION = YES_AGGRESSIVE;
				CLANG_CXX_LANGUAGE_STANDARD = "gnu++20";
				CLANG_ENABLE_MODULES = YES;
				CLANG_ENABLE_OBJC_ARC = YES;
				CLANG_ENABLE_OBJC_WEAK = YES;
				CLANG_WARN_BLOCK_CAPTURE_AUTORELEASING = YES;
				CLANG_WARN_BOOL_CONVERSION = YES;
				CLANG_WARN_COMMA = YES;
				CLANG_WARN_CONSTANT_CONVERSION = YES;
				CLANG_WARN_DEPRECATED_OBJC_IMPLEMENTATIONS = YES;
				CLANG_WARN_DIRECT_OBJC_ISA_USAGE = YES_ERROR;
				CLANG_WARN_DOCUMENTATION_COMMENTS = YES;
				CLANG_WARN_EMPTY_BODY = YES;
				CLANG_WARN_ENUM_CONVERSION = YES;
				CLANG_WARN_INFINITE_RECURSION = YES;
				CLANG_WARN_INT_CONVERSION = YES;
				CLANG_WARN_NON_LITERAL_NULL_CONVERSION = YES;
				CLANG_WARN_OBJC_IMPLICIT_RETAIN_SELF = YES;
				CLANG_WARN_OBJC_LITERAL_CONVERSION = YES;
				CLANG_WARN_OBJC_ROOT_CLASS = YES_ERROR;
				CLANG_WARN_QUOTED_INCLUDE_IN_FRAMEWORK_HEADER = YES;
				CLANG_WARN_RANGE_LOOP_ANALYSIS = YES;
				CLANG_WARN_STRICT_PROTOTYPES = YES;
				CLANG_WARN_SUSPICIOUS_MOVE = YES;
				CLANG_WARN_UNGUARDED_AVAILABILITY = YES_AGGRESSIVE;
				CLANG_WARN_UNREACHABLE_CODE = YES;
				CLANG_WARN__DUPLICATE_METHOD_MATCH = YES;
				COPY_PHASE_STRIP = NO;
				DEBUG_INFORMATION_FORMAT = dwarf;
				ENABLE_STRICT_OBJC_MSGSEND = YES;
				ENABLE_TESTABILITY = YES;
				GCC_C_LANGUAGE_STANDARD = gnu11;
				GCC_DYNAMIC_NO_PIC = NO;
				GCC_NO_COMMON_BLOCKS = YES;
				GCC_OPTIMIZATION_LEVEL = 0;
				GCC_PREPROCESSOR_DEFINITIONS = (
					"DEBUG=1",
					"$(inherited)",
				);
				GCC_WARN_64_TO_32_BIT_CONVERSION = YES;
				GCC_WARN_ABOUT_RETURN_TYPE = YES_ERROR;
				GCC_WARN_UNDECLARED_SELECTOR = YES;
				GCC_WARN_UNINITIALIZED_AUTOS = YES_AGGRESSIVE;
				GCC_WARN_UNUSED_FUNCTION = YES;
				GCC_WARN_UNUSED_VARIABLE = YES;
				MACOSX_DEPLOYMENT_TARGET = 13.1;
				MTL_ENABLE_DEBUG_INFO = INCLUDE_SOURCE;
				MTL_FAST_MATH = YES;
				ONLY_ACTIVE_ARCH = YES;
				SDKROOT = macosx;
				SWIFT_ACTIVE_COMPILATION_CONDITIONS = DEBUG;
				SWIFT_OPTIMIZATION_LEVEL = "-Onone";
			};
			name = Debug;
		};
		D86A8E9A296893E100BBD834 /* Release */ = {
			isa = XCBuildConfiguration;
			buildSettings = {
				ALWAYS_SEARCH_USER_PATHS = NO;
				CLANG_ANALYZER_NONNULL = YES;
				CLANG_ANALYZER_NUMBER_OBJECT_CONVERSION = YES_AGGRESSIVE;
				CLANG_CXX_LANGUAGE_STANDARD = "gnu++20";
				CLANG_ENABLE_MODULES = YES;
				CLANG_ENABLE_OBJC_ARC = YES;
				CLANG_ENABLE_OBJC_WEAK = YES;
				CLANG_WARN_BLOCK_CAPTURE_AUTORELEASING = YES;
				CLANG_WARN_BOOL_CONVERSION = YES;
				CLANG_WARN_COMMA = YES;
				CLANG_WARN_CONSTANT_CONVERSION = YES;
				CLANG_WARN_DEPRECATED_OBJC_IMPLEMENTATIONS = YES;
				CLANG_WARN_DIRECT_OBJC_ISA_USAGE = YES_ERROR;
				CLANG_WARN_DOCUMENTATION_COMMENTS = YES;
				CLANG_WARN_EMPTY_BODY = YES;
				CLANG_WARN_ENUM_CONVERSION = YES;
				CLANG_WARN_INFINITE_RECURSION = YES;
				CLANG_WARN_INT_CONVERSION = YES;
				CLANG_WARN_NON_LITERAL_NULL_CONVERSION = YES;
				CLANG_WARN_OBJC_IMPLICIT_RETAIN_SELF = YES;
				CLANG_WARN_OBJC_LITERAL_CONVERSION = YES;
				CLANG_WARN_OBJC_ROOT_CLASS = YES_ERROR;
				CLANG_WARN_QUOTED_INCLUDE_IN_FRAMEWORK_HEADER = YES;
				CLANG_WARN_RANGE_LOOP_ANALYSIS = YES;
				CLANG_WARN_STRICT_PROTOTYPES = YES;
				CLANG_WARN_SUSPICIOUS_MOVE = YES;
				CLANG_WARN_UNGUARDED_AVAILABILITY = YES_AGGRESSIVE;
				CLANG_WARN_UNREACHABLE_CODE = YES;
				CLANG_WARN__DUPLICATE_METHOD_MATCH = YES;
				COPY_PHASE_STRIP = NO;
				DEBUG_INFORMATION_FORMAT = "dwarf-with-dsym";
				ENABLE_NS_ASSERTIONS = NO;
				ENABLE_STRICT_OBJC_MSGSEND = YES;
				GCC_C_LANGUAGE_STANDARD = gnu11;
				GCC_NO_COMMON_BLOCKS = YES;
				GCC_WARN_64_TO_32_BIT_CONVERSION = YES;
				GCC_WARN_ABOUT_RETURN_TYPE = YES_ERROR;
				GCC_WARN_UNDECLARED_SELECTOR = YES;
				GCC_WARN_UNINITIALIZED_AUTOS = YES_AGGRESSIVE;
				GCC_WARN_UNUSED_FUNCTION = YES;
				GCC_WARN_UNUSED_VARIABLE = YES;
				MACOSX_DEPLOYMENT_TARGET = 13.1;
				MTL_ENABLE_DEBUG_INFO = NO;
				MTL_FAST_MATH = YES;
				SDKROOT = macosx;
				SWIFT_COMPILATION_MODE = wholemodule;
				SWIFT_OPTIMIZATION_LEVEL = "-O";
			};
			name = Release;
		};
		D86A8E9C296893E100BBD834 /* Debug */ = {
			isa = XCBuildConfiguration;
			buildSettings = {
				ASSETCATALOG_COMPILER_APPICON_NAME = AppIcon;
				ASSETCATALOG_COMPILER_GLOBAL_ACCENT_COLOR_NAME = AccentColor;
				CODE_SIGN_ENTITLEMENTS = Friends/Friends.entitlements;
				CODE_SIGN_STYLE = Automatic;
				COMBINE_HIDPI_IMAGES = YES;
				CURRENT_PROJECT_VERSION = 1;
				DEVELOPMENT_ASSET_PATHS = "\"Friends/Preview Content\"";
				DEVELOPMENT_TEAM = S4WXAUZQEV;
				ENABLE_HARDENED_RUNTIME = YES;
				ENABLE_PREVIEWS = YES;
				GENERATE_INFOPLIST_FILE = YES;
				INFOPLIST_KEY_NSHumanReadableCopyright = "";
				LD_RUNPATH_SEARCH_PATHS = (
					"$(inherited)",
					"@executable_path/../Frameworks",
				);
				MARKETING_VERSION = 1.0;
				PRODUCT_BUNDLE_IDENTIFIER = uk.co.inseven.Friends;
				PRODUCT_NAME = "$(TARGET_NAME)";
				SWIFT_EMIT_LOC_STRINGS = YES;
				SWIFT_VERSION = 5.0;
			};
			name = Debug;
		};
		D86A8E9D296893E100BBD834 /* Release */ = {
			isa = XCBuildConfiguration;
			buildSettings = {
				ASSETCATALOG_COMPILER_APPICON_NAME = AppIcon;
				ASSETCATALOG_COMPILER_GLOBAL_ACCENT_COLOR_NAME = AccentColor;
				CODE_SIGN_ENTITLEMENTS = Friends/Friends.entitlements;
				CODE_SIGN_STYLE = Automatic;
				COMBINE_HIDPI_IMAGES = YES;
				CURRENT_PROJECT_VERSION = 1;
				DEVELOPMENT_ASSET_PATHS = "\"Friends/Preview Content\"";
				DEVELOPMENT_TEAM = S4WXAUZQEV;
				ENABLE_HARDENED_RUNTIME = YES;
				ENABLE_PREVIEWS = YES;
				GENERATE_INFOPLIST_FILE = YES;
				INFOPLIST_KEY_NSHumanReadableCopyright = "";
				LD_RUNPATH_SEARCH_PATHS = (
					"$(inherited)",
					"@executable_path/../Frameworks",
				);
				MARKETING_VERSION = 1.0;
				PRODUCT_BUNDLE_IDENTIFIER = uk.co.inseven.Friends;
				PRODUCT_NAME = "$(TARGET_NAME)";
				SWIFT_EMIT_LOC_STRINGS = YES;
				SWIFT_VERSION = 5.0;
			};
			name = Release;
		};
/* End XCBuildConfiguration section */

/* Begin XCConfigurationList section */
		D86A8E87296893E000BBD834 /* Build configuration list for PBXProject "Friends" */ = {
			isa = XCConfigurationList;
			buildConfigurations = (
				D86A8E99296893E100BBD834 /* Debug */,
				D86A8E9A296893E100BBD834 /* Release */,
			);
			defaultConfigurationIsVisible = 0;
			defaultConfigurationName = Release;
		};
		D86A8E9B296893E100BBD834 /* Build configuration list for PBXNativeTarget "Friends" */ = {
			isa = XCConfigurationList;
			buildConfigurations = (
				D86A8E9C296893E100BBD834 /* Debug */,
				D86A8E9D296893E100BBD834 /* Release */,
			);
			defaultConfigurationIsVisible = 0;
			defaultConfigurationName = Release;
		};
/* End XCConfigurationList section */
	};
	rootObject = D86A8E84296893E000BBD834 /* Project object */;
}
